
Microsoft Visual Studio Solution File, Format Version 12.00
# Visual Studio Version 16
VisualStudioVersion = 16.0.29728.190
MinimumVisualStudioVersion = 10.0.40219.1
Project("{FAE04EC0-301F-11D3-BF4B-00C04F79EFBC}") = "XamarinFormsDemo.UWP", "XamarinFormsDemo\XamarinFormsDemo.UWP\XamarinFormsDemo.UWP.csproj", "{E31E0B68-7AE0-4C8A-8BD3-1BE448FF61C7}"
EndProject
Project("{FAE04EC0-301F-11D3-BF4B-00C04F79EFBC}") = "XamarinFormsDemo.Android", "XamarinFormsDemo\XamarinFormsDemo.Android\XamarinFormsDemo.Android.csproj", "{F413DEC0-5947-4AFA-BFC2-740EF78F6FDA}"
EndProject
Project("{FAE04EC0-301F-11D3-BF4B-00C04F79EFBC}") = "XamarinFormsDemo.iOS", "XamarinFormsDemo\XamarinFormsDemo.iOS\XamarinFormsDemo.iOS.csproj", "{E6D97309-FAAE-4EC4-896E-38056318F4CE}"
EndProject
Project("{FAE04EC0-301F-11D3-BF4B-00C04F79EFBC}") = "XamarinFormsDemo", "XamarinFormsDemo\XamarinFormsDemo\XamarinFormsDemo.csproj", "{C7759BD9-790F-4197-8111-6229B7D98FB5}"
EndProject
Global
	GlobalSection(SolutionConfigurationPlatforms) = preSolution
		Debug|Any CPU = Debug|Any CPU
		Debug|ARM = Debug|ARM
		Debug|iPhone = Debug|iPhone
		Debug|iPhoneSimulator = Debug|iPhoneSimulator
		Debug|x64 = Debug|x64
		Debug|x86 = Debug|x86
		Release|Any CPU = Release|Any CPU
		Release|ARM = Release|ARM
		Release|iPhone = Release|iPhone
		Release|iPhoneSimulator = Release|iPhoneSimulator
		Release|x64 = Release|x64
		Release|x86 = Release|x86
	EndGlobalSection
	GlobalSection(ProjectConfigurationPlatforms) = postSolution
		{E31E0B68-7AE0-4C8A-8BD3-1BE448FF61C7}.Debug|Any CPU.ActiveCfg = Debug|x86
		{E31E0B68-7AE0-4C8A-8BD3-1BE448FF61C7}.Debug|Any CPU.Build.0 = Debug|x86
		{E31E0B68-7AE0-4C8A-8BD3-1BE448FF61C7}.Debug|Any CPU.Deploy.0 = Debug|x86
		{E31E0B68-7AE0-4C8A-8BD3-1BE448FF61C7}.Debug|ARM.ActiveCfg = Debug|ARM
		{E31E0B68-7AE0-4C8A-8BD3-1BE448FF61C7}.Debug|ARM.Build.0 = Debug|ARM
		{E31E0B68-7AE0-4C8A-8BD3-1BE448FF61C7}.Debug|ARM.Deploy.0 = Debug|ARM
		{E31E0B68-7AE0-4C8A-8BD3-1BE448FF61C7}.Debug|iPhone.ActiveCfg = Debug|x86
		{E31E0B68-7AE0-4C8A-8BD3-1BE448FF61C7}.Debug|iPhone.Build.0 = Debug|x86
		{E31E0B68-7AE0-4C8A-8BD3-1BE448FF61C7}.Debug|iPhone.Deploy.0 = Debug|x86
		{E31E0B68-7AE0-4C8A-8BD3-1BE448FF61C7}.Debug|iPhoneSimulator.ActiveCfg = Debug|x86
		{E31E0B68-7AE0-4C8A-8BD3-1BE448FF61C7}.Debug|iPhoneSimulator.Build.0 = Debug|x86
		{E31E0B68-7AE0-4C8A-8BD3-1BE448FF61C7}.Debug|iPhoneSimulator.Deploy.0 = Debug|x86
		{E31E0B68-7AE0-4C8A-8BD3-1BE448FF61C7}.Debug|x64.ActiveCfg = Debug|x64
		{E31E0B68-7AE0-4C8A-8BD3-1BE448FF61C7}.Debug|x64.Build.0 = Debug|x64
		{E31E0B68-7AE0-4C8A-8BD3-1BE448FF61C7}.Debug|x64.Deploy.0 = Debug|x64
		{E31E0B68-7AE0-4C8A-8BD3-1BE448FF61C7}.Debug|x86.ActiveCfg = Debug|x86
		{E31E0B68-7AE0-4C8A-8BD3-1BE448FF61C7}.Debug|x86.Build.0 = Debug|x86
		{E31E0B68-7AE0-4C8A-8BD3-1BE448FF61C7}.Debug|x86.Deploy.0 = Debug|x86
		{E31E0B68-7AE0-4C8A-8BD3-1BE448FF61C7}.Release|Any CPU.ActiveCfg = Release|x86
		{E31E0B68-7AE0-4C8A-8BD3-1BE448FF61C7}.Release|Any CPU.Build.0 = Release|x86
		{E31E0B68-7AE0-4C8A-8BD3-1BE448FF61C7}.Release|Any CPU.Deploy.0 = Release|x86
		{E31E0B68-7AE0-4C8A-8BD3-1BE448FF61C7}.Release|ARM.ActiveCfg = Release|ARM
		{E31E0B68-7AE0-4C8A-8BD3-1BE448FF61C7}.Release|ARM.Build.0 = Release|ARM
		{E31E0B68-7AE0-4C8A-8BD3-1BE448FF61C7}.Release|ARM.Deploy.0 = Release|ARM
		{E31E0B68-7AE0-4C8A-8BD3-1BE448FF61C7}.Release|iPhone.ActiveCfg = Release|x86
		{E31E0B68-7AE0-4C8A-8BD3-1BE448FF61C7}.Release|iPhone.Build.0 = Release|x86
		{E31E0B68-7AE0-4C8A-8BD3-1BE448FF61C7}.Release|iPhone.Deploy.0 = Release|x86
		{E31E0B68-7AE0-4C8A-8BD3-1BE448FF61C7}.Release|iPhoneSimulator.ActiveCfg = Release|x86
		{E31E0B68-7AE0-4C8A-8BD3-1BE448FF61C7}.Release|iPhoneSimulator.Build.0 = Release|x86
		{E31E0B68-7AE0-4C8A-8BD3-1BE448FF61C7}.Release|iPhoneSimulator.Deploy.0 = Release|x86
		{E31E0B68-7AE0-4C8A-8BD3-1BE448FF61C7}.Release|x64.ActiveCfg = Release|x64
		{E31E0B68-7AE0-4C8A-8BD3-1BE448FF61C7}.Release|x64.Build.0 = Release|x64
		{E31E0B68-7AE0-4C8A-8BD3-1BE448FF61C7}.Release|x64.Deploy.0 = Release|x64
		{E31E0B68-7AE0-4C8A-8BD3-1BE448FF61C7}.Release|x86.ActiveCfg = Release|x86
		{E31E0B68-7AE0-4C8A-8BD3-1BE448FF61C7}.Release|x86.Build.0 = Release|x86
		{E31E0B68-7AE0-4C8A-8BD3-1BE448FF61C7}.Release|x86.Deploy.0 = Release|x86
		{F413DEC0-5947-4AFA-BFC2-740EF78F6FDA}.Debug|Any CPU.ActiveCfg = Debug|Any CPU
		{F413DEC0-5947-4AFA-BFC2-740EF78F6FDA}.Debug|Any CPU.Build.0 = Debug|Any CPU
		{F413DEC0-5947-4AFA-BFC2-740EF78F6FDA}.Debug|Any CPU.Deploy.0 = Debug|Any CPU
		{F413DEC0-5947-4AFA-BFC2-740EF78F6FDA}.Debug|ARM.ActiveCfg = Debug|Any CPU
		{F413DEC0-5947-4AFA-BFC2-740EF78F6FDA}.Debug|ARM.Build.0 = Debug|Any CPU
		{F413DEC0-5947-4AFA-BFC2-740EF78F6FDA}.Debug|ARM.Deploy.0 = Debug|Any CPU
		{F413DEC0-5947-4AFA-BFC2-740EF78F6FDA}.Debug|iPhone.ActiveCfg = Debug|Any CPU
		{F413DEC0-5947-4AFA-BFC2-740EF78F6FDA}.Debug|iPhone.Build.0 = Debug|Any CPU
		{F413DEC0-5947-4AFA-BFC2-740EF78F6FDA}.Debug|iPhone.Deploy.0 = Debug|Any CPU
		{F413DEC0-5947-4AFA-BFC2-740EF78F6FDA}.Debug|iPhoneSimulator.ActiveCfg = Debug|Any CPU
		{F413DEC0-5947-4AFA-BFC2-740EF78F6FDA}.Debug|iPhoneSimulator.Build.0 = Debug|Any CPU
		{F413DEC0-5947-4AFA-BFC2-740EF78F6FDA}.Debug|iPhoneSimulator.Deploy.0 = Debug|Any CPU
		{F413DEC0-5947-4AFA-BFC2-740EF78F6FDA}.Debug|x64.ActiveCfg = Debug|Any CPU
		{F413DEC0-5947-4AFA-BFC2-740EF78F6FDA}.Debug|x64.Build.0 = Debug|Any CPU
		{F413DEC0-5947-4AFA-BFC2-740EF78F6FDA}.Debug|x64.Deploy.0 = Debug|Any CPU
		{F413DEC0-5947-4AFA-BFC2-740EF78F6FDA}.Debug|x86.ActiveCfg = Debug|Any CPU
		{F413DEC0-5947-4AFA-BFC2-740EF78F6FDA}.Debug|x86.Build.0 = Debug|Any CPU
		{F413DEC0-5947-4AFA-BFC2-740EF78F6FDA}.Debug|x86.Deploy.0 = Debug|Any CPU
		{F413DEC0-5947-4AFA-BFC2-740EF78F6FDA}.Release|Any CPU.ActiveCfg = Release|Any CPU
		{F413DEC0-5947-4AFA-BFC2-740EF78F6FDA}.Release|Any CPU.Build.0 = Release|Any CPU
		{F413DEC0-5947-4AFA-BFC2-740EF78F6FDA}.Release|Any CPU.Deploy.0 = Release|Any CPU
		{F413DEC0-5947-4AFA-BFC2-740EF78F6FDA}.Release|ARM.ActiveCfg = Release|Any CPU
		{F413DEC0-5947-4AFA-BFC2-740EF78F6FDA}.Release|ARM.Build.0 = Release|Any CPU
		{F413DEC0-5947-4AFA-BFC2-740EF78F6FDA}.Release|ARM.Deploy.0 = Release|Any CPU
		{F413DEC0-5947-4AFA-BFC2-740EF78F6FDA}.Release|iPhone.ActiveCfg = Release|Any CPU
		{F413DEC0-5947-4AFA-BFC2-740EF78F6FDA}.Release|iPhone.Build.0 = Release|Any CPU
		{F413DEC0-5947-4AFA-BFC2-740EF78F6FDA}.Release|iPhone.Deploy.0 = Release|Any CPU
		{F413DEC0-5947-4AFA-BFC2-740EF78F6FDA}.Release|iPhoneSimulator.ActiveCfg = Release|Any CPU
		{F413DEC0-5947-4AFA-BFC2-740EF78F6FDA}.Release|iPhoneSimulator.Build.0 = Release|Any CPU
		{F413DEC0-5947-4AFA-BFC2-740EF78F6FDA}.Release|iPhoneSimulator.Deploy.0 = Release|Any CPU
		{F413DEC0-5947-4AFA-BFC2-740EF78F6FDA}.Release|x64.ActiveCfg = Release|Any CPU
		{F413DEC0-5947-4AFA-BFC2-740EF78F6FDA}.Release|x64.Build.0 = Release|Any CPU
		{F413DEC0-5947-4AFA-BFC2-740EF78F6FDA}.Release|x64.Deploy.0 = Release|Any CPU
		{F413DEC0-5947-4AFA-BFC2-740EF78F6FDA}.Release|x86.ActiveCfg = Release|Any CPU
		{F413DEC0-5947-4AFA-BFC2-740EF78F6FDA}.Release|x86.Build.0 = Release|Any CPU
		{F413DEC0-5947-4AFA-BFC2-740EF78F6FDA}.Release|x86.Deploy.0 = Release|Any CPU
		{E6D97309-FAAE-4EC4-896E-38056318F4CE}.Debug|Any CPU.ActiveCfg = Debug|iPhone
		{E6D97309-FAAE-4EC4-896E-38056318F4CE}.Debug|Any CPU.Build.0 = Debug|iPhone
		{E6D97309-FAAE-4EC4-896E-38056318F4CE}.Debug|Any CPU.Deploy.0 = Debug|iPhone
		{E6D97309-FAAE-4EC4-896E-38056318F4CE}.Debug|ARM.ActiveCfg = Debug|iPhoneSimulator
		{E6D97309-FAAE-4EC4-896E-38056318F4CE}.Debug|ARM.Build.0 = Debug|iPhoneSimulator
		{E6D97309-FAAE-4EC4-896E-38056318F4CE}.Debug|ARM.Deploy.0 = Debug|iPhoneSimulator
		{E6D97309-FAAE-4EC4-896E-38056318F4CE}.Debug|iPhone.ActiveCfg = Debug|iPhone
		{E6D97309-FAAE-4EC4-896E-38056318F4CE}.Debug|iPhone.Build.0 = Debug|iPhone
		{E6D97309-FAAE-4EC4-896E-38056318F4CE}.Debug|iPhone.Deploy.0 = Debug|iPhone
		{E6D97309-FAAE-4EC4-896E-38056318F4CE}.Debug|iPhoneSimulator.ActiveCfg = Debug|iPhoneSimulator
		{E6D97309-FAAE-4EC4-896E-38056318F4CE}.Debug|iPhoneSimulator.Build.0 = Debug|iPhoneSimulator
		{E6D97309-FAAE-4EC4-896E-38056318F4CE}.Debug|iPhoneSimulator.Deploy.0 = Debug|iPhoneSimulator
		{E6D97309-FAAE-4EC4-896E-38056318F4CE}.Debug|x64.ActiveCfg = Debug|iPhone
		{E6D97309-FAAE-4EC4-896E-38056318F4CE}.Debug|x64.Build.0 = Debug|iPhone
		{E6D97309-FAAE-4EC4-896E-38056318F4CE}.Debug|x64.Deploy.0 = Debug|iPhone
		{E6D97309-FAAE-4EC4-896E-38056318F4CE}.Debug|x86.ActiveCfg = Debug|iPhone
		{E6D97309-FAAE-4EC4-896E-38056318F4CE}.Debug|x86.Build.0 = Debug|iPhone
		{E6D97309-FAAE-4EC4-896E-38056318F4CE}.Debug|x86.Deploy.0 = Debug|iPhone
		{E6D97309-FAAE-4EC4-896E-38056318F4CE}.Release|Any CPU.ActiveCfg = Release|iPhone
		{E6D97309-FAAE-4EC4-896E-38056318F4CE}.Release|Any CPU.Build.0 = Release|iPhone
		{E6D97309-FAAE-4EC4-896E-38056318F4CE}.Release|Any CPU.Deploy.0 = Release|iPhone
		{E6D97309-FAAE-4EC4-896E-38056318F4CE}.Release|ARM.ActiveCfg = Release|iPhone
		{E6D97309-FAAE-4EC4-896E-38056318F4CE}.Release|ARM.Build.0 = Release|iPhone
		{E6D97309-FAAE-4EC4-896E-38056318F4CE}.Release|ARM.Deploy.0 = Release|iPhone
		{E6D97309-FAAE-4EC4-896E-38056318F4CE}.Release|iPhone.ActiveCfg = Release|iPhone
		{E6D97309-FAAE-4EC4-896E-38056318F4CE}.Release|iPhone.Build.0 = Release|iPhone
		{E6D97309-FAAE-4EC4-896E-38056318F4CE}.Release|iPhone.Deploy.0 = Release|iPhone
		{E6D97309-FAAE-4EC4-896E-38056318F4CE}.Release|iPhoneSimulator.ActiveCfg = Release|iPhoneSimulator
		{E6D97309-FAAE-4EC4-896E-38056318F4CE}.Release|iPhoneSimulator.Build.0 = Release|iPhoneSimulator
		{E6D97309-FAAE-4EC4-896E-38056318F4CE}.Release|iPhoneSimulator.Deploy.0 = Release|iPhoneSimulator
		{E6D97309-FAAE-4EC4-896E-38056318F4CE}.Release|x64.ActiveCfg = Release|iPhone
		{E6D97309-FAAE-4EC4-896E-38056318F4CE}.Release|x64.Build.0 = Release|iPhone
		{E6D97309-FAAE-4EC4-896E-38056318F4CE}.Release|x64.Deploy.0 = Release|iPhone
		{E6D97309-FAAE-4EC4-896E-38056318F4CE}.Release|x86.ActiveCfg = Release|iPhone
		{E6D97309-FAAE-4EC4-896E-38056318F4CE}.Release|x86.Build.0 = Release|iPhone
		{E6D97309-FAAE-4EC4-896E-38056318F4CE}.Release|x86.Deploy.0 = Release|iPhone
		{C7759BD9-790F-4197-8111-6229B7D98FB5}.Debug|Any CPU.ActiveCfg = Debug|Any CPU
		{C7759BD9-790F-4197-8111-6229B7D98FB5}.Debug|Any CPU.Build.0 = Debug|Any CPU
		{C7759BD9-790F-4197-8111-6229B7D98FB5}.Debug|Any CPU.Deploy.0 = Debug|Any CPU
		{C7759BD9-790F-4197-8111-6229B7D98FB5}.Debug|ARM.ActiveCfg = Debug|Any CPU
		{C7759BD9-790F-4197-8111-6229B7D98FB5}.Debug|ARM.Build.0 = Debug|Any CPU
		{C7759BD9-790F-4197-8111-6229B7D98FB5}.Debug|ARM.Deploy.0 = Debug|Any CPU
		{C7759BD9-790F-4197-8111-6229B7D98FB5}.Debug|iPhone.ActiveCfg = Debug|Any CPU
		{C7759BD9-790F-4197-8111-6229B7D98FB5}.Debug|iPhone.Build.0 = Debug|Any CPU
		{C7759BD9-790F-4197-8111-6229B7D98FB5}.Debug|iPhone.Deploy.0 = Debug|Any CPU
		{C7759BD9-790F-4197-8111-6229B7D98FB5}.Debug|iPhoneSimulator.ActiveCfg = Debug|Any CPU
		{C7759BD9-790F-4197-8111-6229B7D98FB5}.Debug|iPhoneSimulator.Build.0 = Debug|Any CPU
		{C7759BD9-790F-4197-8111-6229B7D98FB5}.Debug|iPhoneSimulator.Deploy.0 = Debug|Any CPU
		{C7759BD9-790F-4197-8111-6229B7D98FB5}.Debug|x64.ActiveCfg = Debug|Any CPU
		{C7759BD9-790F-4197-8111-6229B7D98FB5}.Debug|x64.Build.0 = Debug|Any CPU
		{C7759BD9-790F-4197-8111-6229B7D98FB5}.Debug|x64.Deploy.0 = Debug|Any CPU
		{C7759BD9-790F-4197-8111-6229B7D98FB5}.Debug|x86.ActiveCfg = Debug|Any CPU
		{C7759BD9-790F-4197-8111-6229B7D98FB5}.Debug|x86.Build.0 = Debug|Any CPU
		{C7759BD9-790F-4197-8111-6229B7D98FB5}.Debug|x86.Deploy.0 = Debug|Any CPU
		{C7759BD9-790F-4197-8111-6229B7D98FB5}.Release|Any CPU.ActiveCfg = Release|Any CPU
		{C7759BD9-790F-4197-8111-6229B7D98FB5}.Release|Any CPU.Build.0 = Release|Any CPU
		{C7759BD9-790F-4197-8111-6229B7D98FB5}.Release|Any CPU.Deploy.0 = Release|Any CPU
		{C7759BD9-790F-4197-8111-6229B7D98FB5}.Release|ARM.ActiveCfg = Release|Any CPU
		{C7759BD9-790F-4197-8111-6229B7D98FB5}.Release|ARM.Build.0 = Release|Any CPU
		{C7759BD9-790F-4197-8111-6229B7D98FB5}.Release|ARM.Deploy.0 = Release|Any CPU
		{C7759BD9-790F-4197-8111-6229B7D98FB5}.Release|iPhone.ActiveCfg = Release|Any CPU
		{C7759BD9-790F-4197-8111-6229B7D98FB5}.Release|iPhone.Build.0 = Release|Any CPU
		{C7759BD9-790F-4197-8111-6229B7D98FB5}.Release|iPhone.Deploy.0 = Release|Any CPU
		{C7759BD9-790F-4197-8111-6229B7D98FB5}.Release|iPhoneSimulator.ActiveCfg = Release|Any CPU
		{C7759BD9-790F-4197-8111-6229B7D98FB5}.Release|iPhoneSimulator.Build.0 = Release|Any CPU
		{C7759BD9-790F-4197-8111-6229B7D98FB5}.Release|iPhoneSimulator.Deploy.0 = Release|Any CPU
		{C7759BD9-790F-4197-8111-6229B7D98FB5}.Release|x64.ActiveCfg = Release|Any CPU
		{C7759BD9-790F-4197-8111-6229B7D98FB5}.Release|x64.Build.0 = Release|Any CPU
		{C7759BD9-790F-4197-8111-6229B7D98FB5}.Release|x64.Deploy.0 = Release|Any CPU
		{C7759BD9-790F-4197-8111-6229B7D98FB5}.Release|x86.ActiveCfg = Release|Any CPU
		{C7759BD9-790F-4197-8111-6229B7D98FB5}.Release|x86.Build.0 = Release|Any CPU
		{C7759BD9-790F-4197-8111-6229B7D98FB5}.Release|x86.Deploy.0 = Release|Any CPU
	EndGlobalSection
	GlobalSection(SolutionProperties) = preSolution
		HideSolutionNode = FALSE
	EndGlobalSection
	GlobalSection(ExtensibilityGlobals) = postSolution
		SolutionGuid = {965917D7-DAC7-4D50-BFB2-6393E7DB4751}
	EndGlobalSection
EndGlobal
